
Microsoft Visual Studio Solution File, Format Version 12.00
# Visual Studio Version 17
VisualStudioVersion = 17.13.35825.156 d17.13
MinimumVisualStudioVersion = 10.0.40219.1
Project("{FAE04EC0-301F-11D3-BF4B-00C04F79EFBC}") = "Event", "Event\Event.csproj", "{892E103F-118B-4055-9E72-B3A3129239C0}"
EndProject
Project("{FAE04EC0-301F-11D3-BF4B-00C04F79EFBC}") = "EventWorking", "EventWorking\EventWorking.csproj", "{89F2DE52-7824-4599-B542-54EE6E10B298}"
EndProject
Global
	GlobalSection(SolutionConfigurationPlatforms) = preSolution
		Debug|Any CPU = Debug|Any CPU
		Release|Any CPU = Release|Any CPU
	EndGlobalSection
	GlobalSection(ProjectConfigurationPlatforms) = postSolution
		{892E103F-118B-4055-9E72-B3A3129239C0}.Debug|Any CPU.ActiveCfg = Debug|Any CPU
		{892E103F-118B-4055-9E72-B3A3129239C0}.Debug|Any CPU.Build.0 = Debug|Any CPU
		{892E103F-118B-4055-9E72-B3A3129239C0}.Release|Any CPU.ActiveCfg = Release|Any CPU
		{892E103F-118B-4055-9E72-B3A3129239C0}.Release|Any CPU.Build.0 = Release|Any CPU
		{89F2DE52-7824-4599-B542-54EE6E10B298}.Debug|Any CPU.ActiveCfg = Debug|Any CPU
		{89F2DE52-7824-4599-B542-54EE6E10B298}.Debug|Any CPU.Build.0 = Debug|Any CPU
		{89F2DE52-7824-4599-B542-54EE6E10B298}.Release|Any CPU.ActiveCfg = Release|Any CPU
		{89F2DE52-7824-4599-B542-54EE6E10B298}.Release|Any CPU.Build.0 = Release|Any CPU
	EndGlobalSection
	GlobalSection(SolutionProperties) = preSolution
		HideSolutionNode = FALSE
	EndGlobalSection
	GlobalSection(ExtensibilityGlobals) = postSolution
		SolutionGuid = {E47FB4A9-5558-4347-A604-50793F762901}
	EndGlobalSection
EndGlobal
